
Microsoft Visual Studio Solution File, Format Version 12.00
# Visual Studio 15
VisualStudioVersion = 15.0.28307.421
MinimumVisualStudioVersion = 10.0.40219.1
Project("{FAE04EC0-301F-11D3-BF4B-00C04F79EFBC}") = "Practica 3 TAP", "Practica 3 TAP\Practica 3 TAP.csproj", "{484A4D1A-7152-4864-83DB-B919EA3F3D3A}"
EndProject
Global
	GlobalSection(SolutionConfigurationPlatforms) = preSolution
		Debug|Any CPU = Debug|Any CPU
		Release|Any CPU = Release|Any CPU
	EndGlobalSection
	GlobalSection(ProjectConfigurationPlatforms) = postSolution
		{484A4D1A-7152-4864-83DB-B919EA3F3D3A}.Debug|Any CPU.ActiveCfg = Debug|Any CPU
		{484A4D1A-7152-4864-83DB-B919EA3F3D3A}.Debug|Any CPU.Build.0 = Debug|Any CPU
		{484A4D1A-7152-4864-83DB-B919EA3F3D3A}.Release|Any CPU.ActiveCfg = Release|Any CPU
		{484A4D1A-7152-4864-83DB-B919EA3F3D3A}.Release|Any CPU.Build.0 = Release|Any CPU
	EndGlobalSection
	GlobalSection(SolutionProperties) = preSolution
		HideSolutionNode = FALSE
	EndGlobalSection
	GlobalSection(ExtensibilityGlobals) = postSolution
		SolutionGuid = {00A38E3B-9168-4F0F-BEFD-68731E312925}
	EndGlobalSection
EndGlobal
